
Microsoft Visual Studio Solution File, Format Version 12.00
# Visual Studio Version 17
VisualStudioVersion = 17.2.32505.173
MinimumVisualStudioVersion = 10.0.40219.1
Project("{9A19103F-16F7-4668-BE54-9A1E7A4F7556}") = "Intranet", "Intranet\Intranet.csproj", "{D4580D90-2588-41A5-8EE9-8DE97D662DAD}"
EndProject
Project("{9A19103F-16F7-4668-BE54-9A1E7A4F7556}") = "Intranet.Persistance", "Intranet.Persistance\Intranet.Persistance.csproj", "{BDEF1924-F0AD-4DEF-BB0A-7E20628CDC17}"
EndProject
Project("{9A19103F-16F7-4668-BE54-9A1E7A4F7556}") = "Intranet.Application", "Intranet.Application\Intranet.Application.csproj", "{AE3FCB3F-8C1B-452E-8929-7F3125EA23D8}"
EndProject
Project("{FAE04EC0-301F-11D3-BF4B-00C04F79EFBC}") = "Intranet.Infrastructure", "Intranet.Infrastructure\Intranet.Infrastructure.csproj", "{B07CA94E-5577-4B0B-A4D6-3FA1F4F8B45A}"
EndProject
Global
	GlobalSection(SolutionConfigurationPlatforms) = preSolution
		Debug|Any CPU = Debug|Any CPU
		Release|Any CPU = Release|Any CPU
	EndGlobalSection
	GlobalSection(ProjectConfigurationPlatforms) = postSolution
		{D4580D90-2588-41A5-8EE9-8DE97D662DAD}.Debug|Any CPU.ActiveCfg = Debug|Any CPU
		{D4580D90-2588-41A5-8EE9-8DE97D662DAD}.Debug|Any CPU.Build.0 = Debug|Any CPU
		{D4580D90-2588-41A5-8EE9-8DE97D662DAD}.Release|Any CPU.ActiveCfg = Release|Any CPU
		{D4580D90-2588-41A5-8EE9-8DE97D662DAD}.Release|Any CPU.Build.0 = Release|Any CPU
		{BDEF1924-F0AD-4DEF-BB0A-7E20628CDC17}.Debug|Any CPU.ActiveCfg = Debug|Any CPU
		{BDEF1924-F0AD-4DEF-BB0A-7E20628CDC17}.Debug|Any CPU.Build.0 = Debug|Any CPU
		{BDEF1924-F0AD-4DEF-BB0A-7E20628CDC17}.Release|Any CPU.ActiveCfg = Release|Any CPU
		{BDEF1924-F0AD-4DEF-BB0A-7E20628CDC17}.Release|Any CPU.Build.0 = Release|Any CPU
		{AE3FCB3F-8C1B-452E-8929-7F3125EA23D8}.Debug|Any CPU.ActiveCfg = Debug|Any CPU
		{AE3FCB3F-8C1B-452E-8929-7F3125EA23D8}.Debug|Any CPU.Build.0 = Debug|Any CPU
		{AE3FCB3F-8C1B-452E-8929-7F3125EA23D8}.Release|Any CPU.ActiveCfg = Release|Any CPU
		{AE3FCB3F-8C1B-452E-8929-7F3125EA23D8}.Release|Any CPU.Build.0 = Release|Any CPU
		{B07CA94E-5577-4B0B-A4D6-3FA1F4F8B45A}.Debug|Any CPU.ActiveCfg = Debug|Any CPU
		{B07CA94E-5577-4B0B-A4D6-3FA1F4F8B45A}.Debug|Any CPU.Build.0 = Debug|Any CPU
		{B07CA94E-5577-4B0B-A4D6-3FA1F4F8B45A}.Release|Any CPU.ActiveCfg = Release|Any CPU
		{B07CA94E-5577-4B0B-A4D6-3FA1F4F8B45A}.Release|Any CPU.Build.0 = Release|Any CPU
	EndGlobalSection
	GlobalSection(SolutionProperties) = preSolution
		HideSolutionNode = FALSE
	EndGlobalSection
	GlobalSection(ExtensibilityGlobals) = postSolution
		SolutionGuid = {C45D919A-F50E-4A61-B45E-4FD4BAA72AAA}
	EndGlobalSection
EndGlobal
